{
  "version": 4,
  "terraform_version": "1.0.6",
  "serial": 199,
  "lineage": "ce73b813-b945-6035-15fb-a91fb66168ec",
  "outputs": {
    "bastion_fips": {
      "value": [
        ""
      ],
      "type": [
        "list",
        "string"
      ]
    },
    "floating_network_id": {
      "value": "6621bf61-6094-4b24-a9a0-f5794c3a881e",
      "type": "string"
    },
    "k8s_master_fips": {
      "value": [
        "206.12.99.99",
        "206.12.99.99"
      ],
      "type": [
        "list",
        "string"
      ]
    },
    "k8s_node_fips": {
      "value": [],
      "type": [
        "tuple",
        []
      ]
    },
    "private_subnet_id": {
      "value": "",
      "type": "string"
    },
    "router_id": {
      "value": " ",
      "type": "string"
    }
  },
  "resources": [
    {
      "module": "module.compute",
      "mode": "data",
      "type": "openstack_images_image_v2",
      "name": "gfs_image",
      "provider": "provider[\"registry.terraform.io/terraform-provider-openstack/openstack\"]",
      "instances": [
        {
          "index_key": 0,
          "schema_version": 0,
          "attributes": {
            "checksum": "592b026299fc9ccfb256b38547c5c509",
            "container_format": "bare",
            "created_at": "2021-12-08T23:30:04Z",
            "disk_format": "qcow2",
            "file": "/v2/images/8986afe4-a907-4c78-b079-aff2c5a5bbe9/file",
            "hidden": false,
            "id": "8986afe4-a907-4c78-b079-aff2c5a5bbe9",
            "member_status": null,
            "metadata": {},
            "min_disk_gb": 0,
            "min_ram_mb": 0,
            "most_recent": true,
            "name": "Ubuntu-20.04.3-Focal-x64-2021-12",
            "owner": "3c3b4fb0ff154c65992f9b5f1aed44ea",
            "properties": null,
            "protected": true,
            "region": "RegionOne",
            "schema": "/v2/schemas/image",
            "size_bytes": 578355200,
            "size_max": null,
            "size_min": null,
            "sort_direction": "asc",
            "sort_key": "name",
            "tag": null,
            "tags": [],
            "updated_at": "2021-12-08T23:34:37Z",
            "visibility": "public"
          },
          "sensitive_attributes": []
        }
      ]
    },
    {
      "module": "module.compute",
      "mode": "data",
      "type": "openstack_images_image_v2",
      "name": "image_master",
      "provider": "provider[\"registry.terraform.io/terraform-provider-openstack/openstack\"]",
      "instances": [
        {
          "index_key": 0,
          "schema_version": 0,
          "attributes": {
            "checksum": "592b026299fc9ccfb256b38547c5c509",
            "container_format": "bare",
            "created_at": "2021-12-08T23:30:04Z",
            "disk_format": "qcow2",
            "file": "/v2/images/8986afe4-a907-4c78-b079-aff2c5a5bbe9/file",
            "hidden": false,
            "id": "8986afe4-a907-4c78-b079-aff2c5a5bbe9",
            "member_status": null,
            "metadata": {},
            "min_disk_gb": 0,
            "min_ram_mb": 0,
            "most_recent": false,
            "name": "Ubuntu-20.04.3-Focal-x64-2021-12",
            "owner": "3c3b4fb0ff154c65992f9b5f1aed44ea",
            "properties": null,
            "protected": true,
            "region": "RegionOne",
            "schema": "/v2/schemas/image",
            "size_bytes": 578355200,
            "size_max": null,
            "size_min": null,
            "sort_direction": "asc",
            "sort_key": "name",
            "tag": null,
            "tags": [],
            "updated_at": "2021-12-08T23:34:37Z",
            "visibility": "public"
          },
          "sensitive_attributes": []
        }
      ]
    },
    {
      "module": "module.compute",
      "mode": "data",
      "type": "openstack_images_image_v2",
      "name": "vm_image",
      "provider": "provider[\"registry.terraform.io/terraform-provider-openstack/openstack\"]",
      "instances": [
        {
          "index_key": 0,
          "schema_version": 0,
          "attributes": {
            "checksum": "592b026299fc9ccfb256b38547c5c509",
            "container_format": "bare",
            "created_at": "2021-12-08T23:30:04Z",
            "disk_format": "qcow2",
            "file": "/v2/images/8986afe4-a907-4c78-b079-aff2c5a5bbe9/file",
            "hidden": false,
            "id": "8986afe4-a907-4c78-b079-aff2c5a5bbe9",
            "member_status": null,
            "metadata": {},
            "min_disk_gb": 0,
            "min_ram_mb": 0,
            "most_recent": true,
            "name": "Ubuntu-20.04.3-Focal-x64-2021-12",
            "owner": "3c3b4fb0ff154c65992f9b5f1aed44ea",
            "properties": null,
            "protected": true,
            "region": "RegionOne",
            "schema": "/v2/schemas/image",
            "size_bytes": 578355200,
            "size_max": null,
            "size_min": null,
            "sort_direction": "asc",
            "sort_key": "name",
            "tag": null,
            "tags": [],
            "updated_at": "2021-12-08T23:34:37Z",
            "visibility": "public"
          },
          "sensitive_attributes": []
        }
      ]
    },
    {
      "module": "module.compute",
      "mode": "data",
      "type": "template_file",
      "name": "cloudinit",
      "provider": "provider[\"registry.terraform.io/hashicorp/template\"]",
      "instances": [
        {
          "schema_version": 0,
          "attributes": {
            "filename": null,
            "id": "00a783a3f1bf84e421424001f88fac3c55d3b853ae3d1d50ac168e6f0829fa68",
            "rendered": "# yamllint disable rule:comments\n#cloud-config\n## in some cases novnc console access is required\n## it requires ssh password to be set\n#ssh_pwauth: yes\n#chpasswd:\n#  list: |\n#    root:secret\n#  expire: False\n\n## in some cases direct root ssh access via ssh key is required\n#disable_root: false\n\n## in some cases additional CA certs are required\n#ca-certs:\n#  trusted: |\n#      -----BEGIN CERTIFICATE-----\n",
            "template": "# yamllint disable rule:comments\n#cloud-config\n## in some cases novnc console access is required\n## it requires ssh password to be set\n#ssh_pwauth: yes\n#chpasswd:\n#  list: |\n#    root:secret\n#  expire: False\n\n## in some cases direct root ssh access via ssh key is required\n#disable_root: false\n\n## in some cases additional CA certs are required\n#ca-certs:\n#  trusted: |\n#      -----BEGIN CERTIFICATE-----\n",
            "vars": null
          },
          "sensitive_attributes": []
        }
      ]
    },
    {
      "module": "module.compute",
      "mode": "managed",
      "type": "openstack_compute_floatingip_associate_v2",
      "name": "k8s_master",
      "provider": "provider[\"registry.terraform.io/terraform-provider-openstack/openstack\"]",
      "instances": [
        {
          "index_key": 0,
          "schema_version": 0,
          "attributes": {
            "fixed_ip": "",
            "floating_ip": "206.12.99.99",
            "id": "206.12.99.99/e5263802-109d-43df-9d4e-2df39d02e77a/",
            "instance_id": "e5263802-109d-43df-9d4e-2df39d02e77a",
            "region": "RegionOne",
            "timeouts": null,
            "wait_until_associated": false
          },
          "sensitive_attributes": [],
          "private": "eyJlMmJmYjczMC1lY2FhLTExZTYtOGY4OC0zNDM2M2JjN2M0YzAiOnsiY3JlYXRlIjo2MDAwMDAwMDAwMDB9fQ==",
          "dependencies": [
            "module.compute.data.openstack_images_image_v2.image_master",
            "module.compute.data.template_file.cloudinit",
            "module.compute.openstack_compute_instance_v2.k8s_master",
            "module.compute.openstack_compute_keypair_v2.k8s",
            "module.compute.openstack_compute_servergroup_v2.k8s_master",
            "module.compute.openstack_networking_secgroup_v2.k8s",
            "module.compute.openstack_networking_secgroup_v2.k8s_master",
            "module.compute.openstack_networking_secgroup_v2.k8s_master_extra",
            "module.ips.openstack_networking_floatingip_v2.bastion",
            "module.ips.openstack_networking_floatingip_v2.k8s_master",
            "module.network.openstack_networking_router_v2.k8s"
          ]
        }
      ]
    },
    {
      "module": "module.compute",
      "mode": "managed",
      "type": "openstack_compute_instance_v2",
      "name": "k8s_master",
      "provider": "provider[\"registry.terraform.io/terraform-provider-openstack/openstack\"]",
      "instances": [
        {
          "index_key": 0,
          "schema_version": 0,
          "attributes": {
            "access_ip_v4": "192.168.212.105",
            "access_ip_v6": "",
            "admin_pass": null,
            "all_metadata": {
              "depends_on": " ",
              "kubespray_groups": "etcd,kube_control_plane,,k8s_cluster",
              "ssh_user": "ubuntu",
              "use_access_ip": "1"
            },
            "all_tags": [],
            "availability_zone": "Compute",
            "availability_zone_hints": null,
            "block_device": [],
            "config_drive": null,
            "flavor_id": "22f7655d-45c1-4e01-83a0-2929e686f19b",
            "flavor_name": "c1-7.5gb-36",
            "floating_ip": null,
            "force_delete": false,
            "id": "e5263802-109d-43df-9d4e-2df39d02e77a",
            "image_id": "8986afe4-a907-4c78-b079-aff2c5a5bbe9",
            "image_name": "Ubuntu-20.04.3-Focal-x64-2021-12",
            "key_pair": "kubernetes-k8s-cluster-2",
            "metadata": {
              "depends_on": " ",
              "kubespray_groups": "etcd,kube_control_plane,,k8s_cluster",
              "ssh_user": "ubuntu",
              "use_access_ip": "1"
            },
            "name": "k8s-cluster-2-k8s-master-1",
            "network": [
              {
                "access_network": false,
                "fixed_ip_v4": "192.168.212.105",
                "fixed_ip_v6": "",
                "floating_ip": "",
                "mac": "fa:16:3e:23:6a:e3",
                "name": "rrg-marios86-network",
                "port": "",
                "uuid": "afca4dab-6050-459e-957a-d13b25f65627"
              }
            ],
            "network_mode": null,
            "personality": [],
            "power_state": "active",
            "region": "RegionOne",
            "scheduler_hints": [],
            "security_groups": [
              "k8s-cluster-2-k8s",
              "k8s-cluster-2-k8s-master"
            ],
            "stop_before_destroy": false,
            "tags": null,
            "timeouts": null,
            "user_data": "a59f82a5a0ceedbc94016fb22248ba033dfcb315",
            "vendor_options": [],
            "volume": []
          },
          "sensitive_attributes": [],
          "private": "eyJlMmJmYjczMC1lY2FhLTExZTYtOGY4OC0zNDM2M2JjN2M0YzAiOnsiY3JlYXRlIjoxODAwMDAwMDAwMDAwLCJkZWxldGUiOjE4MDAwMDAwMDAwMDAsInVwZGF0ZSI6MTgwMDAwMDAwMDAwMH19",
          "dependencies": [
            "module.compute.data.openstack_images_image_v2.image_master",
            "module.compute.data.template_file.cloudinit",
            "module.compute.openstack_compute_keypair_v2.k8s",
            "module.compute.openstack_compute_servergroup_v2.k8s_master",
            "module.compute.openstack_networking_secgroup_v2.k8s",
            "module.compute.openstack_networking_secgroup_v2.k8s_master",
            "module.compute.openstack_networking_secgroup_v2.k8s_master_extra",
            "module.ips.openstack_networking_floatingip_v2.bastion",
            "module.ips.openstack_networking_floatingip_v2.k8s_master",
            "module.network.openstack_networking_router_v2.k8s"
          ]
        }
      ]
    },
    {
      "module": "module.compute",
      "mode": "managed",
      "type": "openstack_compute_keypair_v2",
      "name": "k8s",
      "provider": "provider[\"registry.terraform.io/terraform-provider-openstack/openstack\"]",
      "instances": [
        {
          "schema_version": 0,
          "attributes": {
            "fingerprint": "5a:3d:2a:84:ae:85:77:17:04:a4:d6:0f:28:c2:88:3a",
            "id": "kubernetes-k8s-cluster-2",
            "name": "kubernetes-k8s-cluster-2",
            "private_key": "",
            "public_key": "ssh-rsa AAAAB3NzaC1yc2EAAAADAQABAAACAQDBkRytlYK51kygM72uRcnQUzm7aPfA1HTmC8FOsMb3ejR7RoOXzLEZDgj81MfInvfGBZiX2/zy8AFHiaBfEekR7LjyKJEhjLDVyrxDCnDnEgUVUrDBx7XVGyJvhodjxSL9Z/u1kKDKwpzRRiO+pMW4OEQ+e1ZjZU4WAv8pVPXBXQPlNzXgj3uqAfOYY3nXv8oDoNCdcq6pYrLyxZ7Ida7Bqw9ieDr495XKcwj/FcctiLSMfcqTMX6hk6lLiJfESVPVrXuy3cmvfRMv5kibEd6o3w3+N6ljYNVeFCgcEaConfZyO7w+fg+sYuwMuROXJ3Mx3GX6LBwjKmr6iSTfvodFV2DY6NMvPbfjN96z4jvUGS7R+HIq1vmr0WoM75wpIMEhtkpuKP3enuTkJX3dkZTmXHCwa1GchzXt+DeuOxxcJjj28nyBkYLBHcXmhIWJ659AJE7ncY8Uirn4CmuU6Wuj73lVasXwnCq/mFeGlfH+YaVKiGofI/7geSWogz3sTv3i/j7/z+hhr+yTWuEU96rGKwTnAdixElBUwP/CE4WPk83Lcfy+KGjWbiqa72C00PJZPXhQXN6d3QjcYgIjF2XazRz86Ok8R6aSK9+yZ3r0Ey3uXIBSuaD5QO1xKqsWf9NQvtHRyre9kCvQgpCTTnu/h6qQc7oNHDE3TulpOkKC1w== anas.bouziane@polymtl.ca",
            "region": "RegionOne",
            "value_specs": null
          },
          "sensitive_attributes": [],
          "private": "bnVsbA=="
        }
      ]
    },
    {
      "module": "module.compute",
      "mode": "managed",
      "type": "openstack_networking_secgroup_rule_v2",
      "name": "bastion",
      "provider": "provider[\"registry.terraform.io/terraform-provider-openstack/openstack\"]",
      "instances": [
        {
          "index_key": 0,
          "schema_version": 0,
          "attributes": {
            "description": "",
            "direction": "ingress",
            "ethertype": "IPv4",
            "id": "9e9b7048-9a5b-45c9-9448-76748f10eacd",
            "port_range_max": 22,
            "port_range_min": 22,
            "protocol": "tcp",
            "region": "RegionOne",
            "remote_group_id": "",
            "remote_ip_prefix": "0.0.0.0/0",
            "security_group_id": "8428f4ad-e13c-4470-9f94-598c3452ccdb",
            "tenant_id": "6045634cfe34486dab463037164a20d8",
            "timeouts": null
          },
          "sensitive_attributes": [],
          "private": "eyJlMmJmYjczMC1lY2FhLTExZTYtOGY4OC0zNDM2M2JjN2M0YzAiOnsiZGVsZXRlIjo2MDAwMDAwMDAwMDB9fQ==",
          "dependencies": [
            "module.compute.openstack_networking_secgroup_v2.bastion"
          ]
        }
      ]
    },
    {
      "module": "module.compute",
      "mode": "managed",
      "type": "openstack_networking_secgroup_rule_v2",
      "name": "egress",
      "provider": "provider[\"registry.terraform.io/terraform-provider-openstack/openstack\"]",
      "instances": [
        {
          "index_key": 0,
          "schema_version": 0,
          "attributes": {
            "description": "",
            "direction": "egress",
            "ethertype": "IPv4",
            "id": "0a5e56dc-b189-494c-aa4c-a7c5d75fb1e1",
            "port_range_max": 0,
            "port_range_min": 0,
            "protocol": "",
            "region": "RegionOne",
            "remote_group_id": "",
            "remote_ip_prefix": "0.0.0.0/0",
            "security_group_id": "096cb471-1238-4866-8250-d867844973ec",
            "tenant_id": "6045634cfe34486dab463037164a20d8",
            "timeouts": null
          },
          "sensitive_attributes": [],
          "private": "eyJlMmJmYjczMC1lY2FhLTExZTYtOGY4OC0zNDM2M2JjN2M0YzAiOnsiZGVsZXRlIjo2MDAwMDAwMDAwMDB9fQ==",
          "dependencies": [
            "module.compute.openstack_networking_secgroup_v2.k8s"
          ]
        }
      ]
    },
    {
      "module": "module.compute",
      "mode": "managed",
      "type": "openstack_networking_secgroup_rule_v2",
      "name": "k8s",
      "provider": "provider[\"registry.terraform.io/terraform-provider-openstack/openstack\"]",
      "instances": [
        {
          "schema_version": 0,
          "attributes": {
            "description": "",
            "direction": "ingress",
            "ethertype": "IPv4",
            "id": "704dc7b4-a207-4d7d-9795-c94e45a697c9",
            "port_range_max": 0,
            "port_range_min": 0,
            "protocol": "",
            "region": "RegionOne",
            "remote_group_id": "096cb471-1238-4866-8250-d867844973ec",
            "remote_ip_prefix": "",
            "security_group_id": "096cb471-1238-4866-8250-d867844973ec",
            "tenant_id": "6045634cfe34486dab463037164a20d8",
            "timeouts": null
          },
          "sensitive_attributes": [],
          "private": "eyJlMmJmYjczMC1lY2FhLTExZTYtOGY4OC0zNDM2M2JjN2M0YzAiOnsiZGVsZXRlIjo2MDAwMDAwMDAwMDB9fQ==",
          "dependencies": [
            "module.compute.openstack_networking_secgroup_v2.k8s"
          ]
        }
      ]
    },
    {
      "module": "module.compute",
      "mode": "managed",
      "type": "openstack_networking_secgroup_rule_v2",
      "name": "k8s_master",
      "provider": "provider[\"registry.terraform.io/terraform-provider-openstack/openstack\"]",
      "instances": [
        {
          "index_key": 0,
          "schema_version": 0,
          "attributes": {
            "description": "",
            "direction": "ingress",
            "ethertype": "IPv4",
            "id": "6aeada35-5bd4-4a05-b498-f13a08551db7",
            "port_range_max": 6443,
            "port_range_min": 6443,
            "protocol": "tcp",
            "region": "RegionOne",
            "remote_group_id": "",
            "remote_ip_prefix": "0.0.0.0/0",
            "security_group_id": "ef359d08-2a4e-493f-8b0e-e3038c645a59",
            "tenant_id": "6045634cfe34486dab463037164a20d8",
            "timeouts": null
          },
          "sensitive_attributes": [],
          "private": "eyJlMmJmYjczMC1lY2FhLTExZTYtOGY4OC0zNDM2M2JjN2M0YzAiOnsiZGVsZXRlIjo2MDAwMDAwMDAwMDB9fQ==",
          "dependencies": [
            "module.compute.openstack_networking_secgroup_v2.k8s_master"
          ]
        }
      ]
    },
    {
      "module": "module.compute",
      "mode": "managed",
      "type": "openstack_networking_secgroup_rule_v2",
      "name": "k8s_master_ports",
      "provider": "provider[\"registry.terraform.io/terraform-provider-openstack/openstack\"]",
      "instances": [
        {
          "index_key": 0,
          "schema_version": 0,
          "attributes": {
            "description": "",
            "direction": "ingress",
            "ethertype": "IPv4",
            "id": "3df2160e-5dc1-4220-b93d-ca399c622ca7",
            "port_range_max": 443,
            "port_range_min": 20,
            "protocol": "tcp",
            "region": "RegionOne",
            "remote_group_id": "",
            "remote_ip_prefix": "0.0.0.0/0",
            "security_group_id": "ef359d08-2a4e-493f-8b0e-e3038c645a59",
            "tenant_id": "6045634cfe34486dab463037164a20d8",
            "timeouts": null
          },
          "sensitive_attributes": [],
          "private": "eyJlMmJmYjczMC1lY2FhLTExZTYtOGY4OC0zNDM2M2JjN2M0YzAiOnsiZGVsZXRlIjo2MDAwMDAwMDAwMDB9fQ==",
          "dependencies": [
            "module.compute.openstack_networking_secgroup_v2.k8s_master"
          ]
        }
      ]
    },
    {
      "module": "module.compute",
      "mode": "managed",
      "type": "openstack_networking_secgroup_rule_v2",
      "name": "worker",
      "provider": "provider[\"registry.terraform.io/terraform-provider-openstack/openstack\"]",
      "instances": [
        {
          "index_key": 0,
          "schema_version": 0,
          "attributes": {
            "description": "",
            "direction": "ingress",
            "ethertype": "IPv4",
            "id": "4b242eec-bba1-4fe7-9f43-80c18107db9f",
            "port_range_max": 32767,
            "port_range_min": 30000,
            "protocol": "tcp",
            "region": "RegionOne",
            "remote_group_id": "",
            "remote_ip_prefix": "0.0.0.0/0",
            "security_group_id": "af64b1a8-2693-4a1c-884e-f6a8e069a112",
            "tenant_id": "6045634cfe34486dab463037164a20d8",
            "timeouts": null
          },
          "sensitive_attributes": [],
          "private": "eyJlMmJmYjczMC1lY2FhLTExZTYtOGY4OC0zNDM2M2JjN2M0YzAiOnsiZGVsZXRlIjo2MDAwMDAwMDAwMDB9fQ==",
          "dependencies": [
            "module.compute.openstack_networking_secgroup_v2.worker"
          ]
        }
      ]
    },
    {
      "module": "module.compute",
      "mode": "managed",
      "type": "openstack_networking_secgroup_v2",
      "name": "bastion",
      "provider": "provider[\"registry.terraform.io/terraform-provider-openstack/openstack\"]",
      "instances": [
        {
          "index_key": 0,
          "schema_version": 0,
          "attributes": {
            "all_tags": [],
            "delete_default_rules": true,
            "description": "k8s-cluster-2 - Bastion Server",
            "id": "8428f4ad-e13c-4470-9f94-598c3452ccdb",
            "name": "k8s-cluster-2-bastion",
            "region": "RegionOne",
            "tags": null,
            "tenant_id": "6045634cfe34486dab463037164a20d8",
            "timeouts": null
          },
          "sensitive_attributes": [],
          "private": "eyJlMmJmYjczMC1lY2FhLTExZTYtOGY4OC0zNDM2M2JjN2M0YzAiOnsiZGVsZXRlIjo2MDAwMDAwMDAwMDB9fQ=="
        }
      ]
    },
    {
      "module": "module.compute",
      "mode": "managed",
      "type": "openstack_networking_secgroup_v2",
      "name": "k8s",
      "provider": "provider[\"registry.terraform.io/terraform-provider-openstack/openstack\"]",
      "instances": [
        {
          "schema_version": 0,
          "attributes": {
            "all_tags": [],
            "delete_default_rules": true,
            "description": "k8s-cluster-2 - Kubernetes",
            "id": "096cb471-1238-4866-8250-d867844973ec",
            "name": "k8s-cluster-2-k8s",
            "region": "RegionOne",
            "tags": null,
            "tenant_id": "6045634cfe34486dab463037164a20d8",
            "timeouts": null
          },
          "sensitive_attributes": [],
          "private": "eyJlMmJmYjczMC1lY2FhLTExZTYtOGY4OC0zNDM2M2JjN2M0YzAiOnsiZGVsZXRlIjo2MDAwMDAwMDAwMDB9fQ=="
        }
      ]
    },
    {
      "module": "module.compute",
      "mode": "managed",
      "type": "openstack_networking_secgroup_v2",
      "name": "k8s_master",
      "provider": "provider[\"registry.terraform.io/terraform-provider-openstack/openstack\"]",
      "instances": [
        {
          "schema_version": 0,
          "attributes": {
            "all_tags": [],
            "delete_default_rules": true,
            "description": "k8s-cluster-2 - Kubernetes Master",
            "id": "ef359d08-2a4e-493f-8b0e-e3038c645a59",
            "name": "k8s-cluster-2-k8s-master",
            "region": "RegionOne",
            "tags": null,
            "tenant_id": "6045634cfe34486dab463037164a20d8",
            "timeouts": null
          },
          "sensitive_attributes": [],
          "private": "eyJlMmJmYjczMC1lY2FhLTExZTYtOGY4OC0zNDM2M2JjN2M0YzAiOnsiZGVsZXRlIjo2MDAwMDAwMDAwMDB9fQ=="
        }
      ]
    },
    {
      "module": "module.compute",
      "mode": "managed",
      "type": "openstack_networking_secgroup_v2",
      "name": "worker",
      "provider": "provider[\"registry.terraform.io/terraform-provider-openstack/openstack\"]",
      "instances": [
        {
          "schema_version": 0,
          "attributes": {
            "all_tags": [],
            "delete_default_rules": true,
            "description": "k8s-cluster-2 - Kubernetes worker nodes",
            "id": "af64b1a8-2693-4a1c-884e-f6a8e069a112",
            "name": "k8s-cluster-2-k8s-worker",
            "region": "RegionOne",
            "tags": null,
            "tenant_id": "6045634cfe34486dab463037164a20d8",
            "timeouts": null
          },
          "sensitive_attributes": [],
          "private": "eyJlMmJmYjczMC1lY2FhLTExZTYtOGY4OC0zNDM2M2JjN2M0YzAiOnsiZGVsZXRlIjo2MDAwMDAwMDAwMDB9fQ=="
        }
      ]
    },
    {
      "module": "module.ips",
      "mode": "managed",
      "type": "null_resource",
      "name": "dummy_dependency",
      "provider": "provider[\"registry.terraform.io/hashicorp/null\"]",
      "instances": [
        {
          "schema_version": 0,
          "attributes": {
            "id": "2277615896523896121",
            "triggers": {
              "dependency_id": " "
            }
          },
          "sensitive_attributes": [],
          "private": "bnVsbA==",
          "dependencies": [
            "module.network.openstack_networking_router_interface_v2.k8s",
            "module.network.openstack_networking_router_v2.k8s"
          ]
        }
      ]
    }
  ]
}
